
Microsoft Visual Studio Solution File, Format Version 12.00
# Visual Studio 15
VisualStudioVersion = 15.0.28307.168
MinimumVisualStudioVersion = 10.0.40219.1
Project("{FAE04EC0-301F-11D3-BF4B-00C04F79EFBC}") = "The Final Progam", "The Final Progam\The Final Progam.csproj", "{8B8CFB9B-CE10-4BB8-B491-209C910D7E44}"
EndProject
Global
	GlobalSection(SolutionConfigurationPlatforms) = preSolution
		Debug|Any CPU = Debug|Any CPU
		Release|Any CPU = Release|Any CPU
	EndGlobalSection
	GlobalSection(ProjectConfigurationPlatforms) = postSolution
		{8B8CFB9B-CE10-4BB8-B491-209C910D7E44}.Debug|Any CPU.ActiveCfg = Debug|Any CPU
		{8B8CFB9B-CE10-4BB8-B491-209C910D7E44}.Debug|Any CPU.Build.0 = Debug|Any CPU
		{8B8CFB9B-CE10-4BB8-B491-209C910D7E44}.Release|Any CPU.ActiveCfg = Release|Any CPU
		{8B8CFB9B-CE10-4BB8-B491-209C910D7E44}.Release|Any CPU.Build.0 = Release|Any CPU
	EndGlobalSection
	GlobalSection(SolutionProperties) = preSolution
		HideSolutionNode = FALSE
	EndGlobalSection
	GlobalSection(ExtensibilityGlobals) = postSolution
		SolutionGuid = {59436C60-4A81-4A89-BED8-3BC6267FF97F}
	EndGlobalSection
EndGlobal
